{
  "originHash" : "194105d7e7f43d813d2407333c77118d804670e8bb54cf45e925300a219f1262",
  "pins" : [
    {
      "identity" : "nuke",
      "kind" : "remoteSourceControl",
      "location" : "https://github.com/kean/Nuke",
      "state" : {
        "revision" : "83e19143355b02e9261edb2323b3e1e93287ebb9",
        "version" : "12.9.0"
      }
    },
    {
      "identity" : "swift-collections",
      "kind" : "remoteSourceControl",
      "location" : "https://github.com/apple/swift-collections.git",
      "state" : {
        "revision" : "6675bc0ff86e61436e615df6fc5174e043e57924",
        "version" : "1.4.1"
      }
    },
    {
      "identity" : "xtream-swift",
      "kind" : "remoteSourceControl",
      "location" : "https://github.com/jhoogstraat/xtream-swift.git",
      "state" : {
        "revision" : "025b8de2d3dd5732a35d36f0b0812599c48ea87d",
        "version" : "2.0.0"
      }
    }
  ],
  "version" : 3
}
