{
  "originHash" : "beeaa1602cfc70c0f4b0c5353de6c1b393403f3f8db9bd8198ed0d56bd6066b1",
  "pins" : [
    {
      "identity" : "nuke",
      "kind" : "remoteSourceControl",
      "location" : "https://github.com/kean/Nuke",
      "state" : {
        "revision" : "83e19143355b02e9261edb2323b3e1e93287ebb9",
        "version" : "12.9.0"
      }
    },
    {
      "identity" : "swift-collections",
      "kind" : "remoteSourceControl",
      "location" : "https://github.com/apple/swift-collections.git",
      "state" : {
        "revision" : "8c0c0a8b49e080e54e5e328cc552821ff07cd341",
        "version" : "1.2.1"
      }
    }
  ],
  "version" : 3
}
